
Microsoft Visual Studio Solution File, Format Version 12.00
# Visual Studio Version 17
VisualStudioVersion = 17.5.33424.131
MinimumVisualStudioVersion = 10.0.40219.1
Project("{2150E333-8FDC-42A3-9474-1A3956D46DE8}") = "Solution Items", "Solution Items", "{33C1B2C4-E4AA-4EFC-9290-56FAC8ACEB83}"
EndProject
Project("{FAE04EC0-301F-11D3-BF4B-00C04F79EFBC}") = "Specifications", "Specifications 4.8\Specifications.csproj", "{8D952FA5-EF5A-4719-A5A5-F5EBDA8ABC72}"
EndProject
Project("{FAE04EC0-301F-11D3-BF4B-00C04F79EFBC}") = "SpecificationsWPF", "..\TestApp\TestApp\SpecificationsWPF.csproj", "{1F19F38E-763A-41A7-9EFB-DD486944B19C}"
EndProject
Global
	GlobalSection(SolutionConfigurationPlatforms) = preSolution
		Debug|Any CPU = Debug|Any CPU
		Release|Any CPU = Release|Any CPU
	EndGlobalSection
	GlobalSection(ProjectConfigurationPlatforms) = postSolution
		{8D952FA5-EF5A-4719-A5A5-F5EBDA8ABC72}.Debug|Any CPU.ActiveCfg = Debug|Any CPU
		{8D952FA5-EF5A-4719-A5A5-F5EBDA8ABC72}.Debug|Any CPU.Build.0 = Debug|Any CPU
		{8D952FA5-EF5A-4719-A5A5-F5EBDA8ABC72}.Release|Any CPU.ActiveCfg = Release|Any CPU
		{8D952FA5-EF5A-4719-A5A5-F5EBDA8ABC72}.Release|Any CPU.Build.0 = Release|Any CPU
		{1F19F38E-763A-41A7-9EFB-DD486944B19C}.Debug|Any CPU.ActiveCfg = Debug|Any CPU
		{1F19F38E-763A-41A7-9EFB-DD486944B19C}.Debug|Any CPU.Build.0 = Debug|Any CPU
		{1F19F38E-763A-41A7-9EFB-DD486944B19C}.Release|Any CPU.ActiveCfg = Release|Any CPU
		{1F19F38E-763A-41A7-9EFB-DD486944B19C}.Release|Any CPU.Build.0 = Release|Any CPU
	EndGlobalSection
	GlobalSection(SolutionProperties) = preSolution
		HideSolutionNode = FALSE
	EndGlobalSection
	GlobalSection(ExtensibilityGlobals) = postSolution
		SolutionGuid = {A4C68C76-3418-41D1-8EB9-D804A0BDBEA9}
	EndGlobalSection
EndGlobal
